
Microsoft Visual Studio Solution File, Format Version 12.00
# Visual Studio Version 17
VisualStudioVersion = 17.14.37012.4 d17.14
MinimumVisualStudioVersion = 10.0.40219.1
Project("{FAE04EC0-301F-11D3-BF4B-00C04F79EFBC}") = "CRUDMahasiswaADO", "CRUDMahasiswaADO\CRUDMahasiswaADO.csproj", "{142EB086-0D0E-410E-99A5-0A4541ED02BC}"
EndProject
Global
	GlobalSection(SolutionConfigurationPlatforms) = preSolution
		Debug|Any CPU = Debug|Any CPU
		Release|Any CPU = Release|Any CPU
	EndGlobalSection
	GlobalSection(ProjectConfigurationPlatforms) = postSolution
		{142EB086-0D0E-410E-99A5-0A4541ED02BC}.Debug|Any CPU.ActiveCfg = Debug|Any CPU
		{142EB086-0D0E-410E-99A5-0A4541ED02BC}.Debug|Any CPU.Build.0 = Debug|Any CPU
		{142EB086-0D0E-410E-99A5-0A4541ED02BC}.Release|Any CPU.ActiveCfg = Release|Any CPU
		{142EB086-0D0E-410E-99A5-0A4541ED02BC}.Release|Any CPU.Build.0 = Release|Any CPU
	EndGlobalSection
	GlobalSection(SolutionProperties) = preSolution
		HideSolutionNode = FALSE
	EndGlobalSection
	GlobalSection(ExtensibilityGlobals) = postSolution
		SolutionGuid = {6F47022D-A0C4-4F92-B42E-0F53BE23BF61}
	EndGlobalSection
EndGlobal
